
Microsoft Visual Studio Solution File, Format Version 12.00
# Visual Studio Version 17
VisualStudioVersion = 17.11.35312.102
MinimumVisualStudioVersion = 10.0.40219.1
Project("{FAE04EC0-301F-11D3-BF4B-00C04F79EFBC}") = "ENAEBLazor", "ENAEBLazor\ENAEBLazor.csproj", "{28903284-94A1-4404-8376-ACA7B6C6C438}"
EndProject
Global
	GlobalSection(SolutionConfigurationPlatforms) = preSolution
		Debug|Any CPU = Debug|Any CPU
		Release|Any CPU = Release|Any CPU
	EndGlobalSection
	GlobalSection(ProjectConfigurationPlatforms) = postSolution
		{28903284-94A1-4404-8376-ACA7B6C6C438}.Debug|Any CPU.ActiveCfg = Debug|Any CPU
		{28903284-94A1-4404-8376-ACA7B6C6C438}.Debug|Any CPU.Build.0 = Debug|Any CPU
		{28903284-94A1-4404-8376-ACA7B6C6C438}.Release|Any CPU.ActiveCfg = Release|Any CPU
		{28903284-94A1-4404-8376-ACA7B6C6C438}.Release|Any CPU.Build.0 = Release|Any CPU
	EndGlobalSection
	GlobalSection(SolutionProperties) = preSolution
		HideSolutionNode = FALSE
	EndGlobalSection
	GlobalSection(ExtensibilityGlobals) = postSolution
		SolutionGuid = {95E8CCE1-1300-4FB9-B38F-119B47A5E9D2}
	EndGlobalSection
EndGlobal
